
Microsoft Visual Studio Solution File, Format Version 12.00
# Visual Studio Version 16
VisualStudioVersion = 16.0.31005.135
MinimumVisualStudioVersion = 10.0.40219.1
Project("{FAE04EC0-301F-11D3-BF4B-00C04F79EFBC}") = "Web_API", "Web_API\Web_API.csproj", "{B13C444E-6833-40C2-A3DC-DC6E9D1BB0A2}"
EndProject
Global
	GlobalSection(SolutionConfigurationPlatforms) = preSolution
		Debug|Any CPU = Debug|Any CPU
		Release|Any CPU = Release|Any CPU
	EndGlobalSection
	GlobalSection(ProjectConfigurationPlatforms) = postSolution
		{B13C444E-6833-40C2-A3DC-DC6E9D1BB0A2}.Debug|Any CPU.ActiveCfg = Debug|Any CPU
		{B13C444E-6833-40C2-A3DC-DC6E9D1BB0A2}.Debug|Any CPU.Build.0 = Debug|Any CPU
		{B13C444E-6833-40C2-A3DC-DC6E9D1BB0A2}.Release|Any CPU.ActiveCfg = Release|Any CPU
		{B13C444E-6833-40C2-A3DC-DC6E9D1BB0A2}.Release|Any CPU.Build.0 = Release|Any CPU
	EndGlobalSection
	GlobalSection(SolutionProperties) = preSolution
		HideSolutionNode = FALSE
	EndGlobalSection
	GlobalSection(ExtensibilityGlobals) = postSolution
		SolutionGuid = {A22426EB-E910-4A41-B8E9-88ADC2CC69E2}
	EndGlobalSection
EndGlobal
